
Microsoft Visual Studio Solution File, Format Version 12.00
# Visual Studio Version 17
VisualStudioVersion = 17.0.31919.166
MinimumVisualStudioVersion = 10.0.40219.1
Project("{9A19103F-16F7-4668-BE54-9A1E7A4F7556}") = "EncryptionMethods", "EncryptionMethods\EncryptionMethods.csproj", "{7FBE66E4-A681-44E8-B75B-ABCB6EF83D8F}"
EndProject
Project("{FAE04EC0-301F-11D3-BF4B-00C04F79EFBC}") = "DSA", "DSA-Method\DSA.csproj", "{AE54A63C-4470-479E-A2AF-74325057AAF5}"
EndProject
Project("{FAE04EC0-301F-11D3-BF4B-00C04F79EFBC}") = "DSA.Tests", "DSA.Tests\DSA.Tests.csproj", "{34B2BC35-9C67-4D4C-BE6E-3D0EFBF5E6DD}"
EndProject
Global
	GlobalSection(SolutionConfigurationPlatforms) = preSolution
		Debug|Any CPU = Debug|Any CPU
		Release|Any CPU = Release|Any CPU
	EndGlobalSection
	GlobalSection(ProjectConfigurationPlatforms) = postSolution
		{7FBE66E4-A681-44E8-B75B-ABCB6EF83D8F}.Debug|Any CPU.ActiveCfg = Debug|Any CPU
		{7FBE66E4-A681-44E8-B75B-ABCB6EF83D8F}.Debug|Any CPU.Build.0 = Debug|Any CPU
		{7FBE66E4-A681-44E8-B75B-ABCB6EF83D8F}.Release|Any CPU.ActiveCfg = Release|Any CPU
		{7FBE66E4-A681-44E8-B75B-ABCB6EF83D8F}.Release|Any CPU.Build.0 = Release|Any CPU
		{AE54A63C-4470-479E-A2AF-74325057AAF5}.Debug|Any CPU.ActiveCfg = Debug|Any CPU
		{AE54A63C-4470-479E-A2AF-74325057AAF5}.Debug|Any CPU.Build.0 = Debug|Any CPU
		{AE54A63C-4470-479E-A2AF-74325057AAF5}.Release|Any CPU.ActiveCfg = Release|Any CPU
		{AE54A63C-4470-479E-A2AF-74325057AAF5}.Release|Any CPU.Build.0 = Release|Any CPU
		{34B2BC35-9C67-4D4C-BE6E-3D0EFBF5E6DD}.Debug|Any CPU.ActiveCfg = Debug|Any CPU
		{34B2BC35-9C67-4D4C-BE6E-3D0EFBF5E6DD}.Debug|Any CPU.Build.0 = Debug|Any CPU
		{34B2BC35-9C67-4D4C-BE6E-3D0EFBF5E6DD}.Release|Any CPU.ActiveCfg = Release|Any CPU
		{34B2BC35-9C67-4D4C-BE6E-3D0EFBF5E6DD}.Release|Any CPU.Build.0 = Release|Any CPU
	EndGlobalSection
	GlobalSection(SolutionProperties) = preSolution
		HideSolutionNode = FALSE
	EndGlobalSection
	GlobalSection(ExtensibilityGlobals) = postSolution
		SolutionGuid = {275EA91D-5AAC-40F0-932A-A15B8F18E1AD}
	EndGlobalSection
EndGlobal
